
Microsoft Visual Studio Solution File, Format Version 12.00
# Visual Studio 15
VisualStudioVersion = 15.0.28010.2016
MinimumVisualStudioVersion = 10.0.40219.1
Project("{FAE04EC0-301F-11D3-BF4B-00C04F79EFBC}") = "Exercise.14", "Exercise.14\Exercise.14.csproj", "{ABCB21AB-7F5D-499B-95CA-75272DF0AFF3}"
EndProject
Global
	GlobalSection(SolutionConfigurationPlatforms) = preSolution
		Debug|Any CPU = Debug|Any CPU
		Release|Any CPU = Release|Any CPU
	EndGlobalSection
	GlobalSection(ProjectConfigurationPlatforms) = postSolution
		{ABCB21AB-7F5D-499B-95CA-75272DF0AFF3}.Debug|Any CPU.ActiveCfg = Debug|Any CPU
		{ABCB21AB-7F5D-499B-95CA-75272DF0AFF3}.Debug|Any CPU.Build.0 = Debug|Any CPU
		{ABCB21AB-7F5D-499B-95CA-75272DF0AFF3}.Release|Any CPU.ActiveCfg = Release|Any CPU
		{ABCB21AB-7F5D-499B-95CA-75272DF0AFF3}.Release|Any CPU.Build.0 = Release|Any CPU
	EndGlobalSection
	GlobalSection(SolutionProperties) = preSolution
		HideSolutionNode = FALSE
	EndGlobalSection
	GlobalSection(ExtensibilityGlobals) = postSolution
		SolutionGuid = {1958EBDC-9755-422A-BC7E-14F5880E0AA8}
	EndGlobalSection
EndGlobal
